
Microsoft Visual Studio Solution File, Format Version 12.00
# Visual Studio 2012
VisualStudioVersion = 12.0.31101.0
MinimumVisualStudioVersion = 10.0.40219.1
Project("{FAE04EC0-301F-11D3-BF4B-00C04F79EFBC}") = "SQLitePCL.pretty", "SQLitePCL.pretty\SQLitePCL.pretty.csproj", "{C6743D26-E16E-41CA-A757-72BE2D7EAF28}"
EndProject
Project("{FAE04EC0-301F-11D3-BF4B-00C04F79EFBC}") = "SQLitePCL.pretty.tests.x86", "SQLitePCL.pretty.tests\SQLitePCL.pretty.tests.x86.csproj", "{467AB566-4D9E-4D9E-BB28-8167E6F2A239}"
EndProject
Project("{FAE04EC0-301F-11D3-BF4B-00C04F79EFBC}") = "SQLitePCL.pretty.Async", "SQLitePCL.pretty.Async\SQLitePCL.pretty.Async.csproj", "{ED71D4D4-498E-432E-B941-F704CECCF254}"
	ProjectSection(ProjectDependencies) = postProject
		{C6743D26-E16E-41CA-A757-72BE2D7EAF28} = {C6743D26-E16E-41CA-A757-72BE2D7EAF28}
	EndProjectSection
EndProject
Project("{FAE04EC0-301F-11D3-BF4B-00C04F79EFBC}") = "SQLitePCL.pretty.Orm", "SQLitePCL.pretty.Orm\SQLitePCL.pretty.Orm.csproj", "{82EF24A8-7B24-42AA-BDB9-7A9F7527DF48}"
EndProject
Project("{FAE04EC0-301F-11D3-BF4B-00C04F79EFBC}") = "SQLitePCL.pretty.tests.Android", "SQLitePCL.pretty.tests.Android\SQLitePCL.pretty.tests.Android.csproj", "{A3278FF6-0B65-482E-AE3E-7AEF33C4F25C}"
EndProject
Project("{FAE04EC0-301F-11D3-BF4B-00C04F79EFBC}") = "SQLitePCL.pretty.tests", "SQLitePCL.pretty.tests\SQLitePCL.pretty.tests.csproj", "{3C8B2558-E287-4031-8597-14480A15ED0E}"
EndProject
Project("{FAE04EC0-301F-11D3-BF4B-00C04F79EFBC}") = "SQLitePCL.pretty.tests.iOS", "SQLitePCL.pretty.tests.iOS\SQLitePCL.pretty.tests.iOS.csproj", "{641DDEDB-D0E6-47B9-A96E-5567B8D79244}"
EndProject
Global
	GlobalSection(SolutionConfigurationPlatforms) = preSolution
		Ad-Hoc|Any CPU = Ad-Hoc|Any CPU
		Ad-Hoc|iPhone = Ad-Hoc|iPhone
		Ad-Hoc|iPhoneSimulator = Ad-Hoc|iPhoneSimulator
		Ad-Hoc|Mixed Platforms = Ad-Hoc|Mixed Platforms
		Ad-Hoc|x86 = Ad-Hoc|x86
		AppStore|Any CPU = AppStore|Any CPU
		AppStore|iPhone = AppStore|iPhone
		AppStore|iPhoneSimulator = AppStore|iPhoneSimulator
		AppStore|Mixed Platforms = AppStore|Mixed Platforms
		AppStore|x86 = AppStore|x86
		Debug|Any CPU = Debug|Any CPU
		Debug|iPhone = Debug|iPhone
		Debug|iPhoneSimulator = Debug|iPhoneSimulator
		Debug|Mixed Platforms = Debug|Mixed Platforms
		Debug|x86 = Debug|x86
		Release|Any CPU = Release|Any CPU
		Release|iPhone = Release|iPhone
		Release|iPhoneSimulator = Release|iPhoneSimulator
		Release|Mixed Platforms = Release|Mixed Platforms
		Release|x86 = Release|x86
	EndGlobalSection
	GlobalSection(ProjectConfigurationPlatforms) = postSolution
		{3C8B2558-E287-4031-8597-14480A15ED0E}.Ad-Hoc|Any CPU.ActiveCfg = Release|Any CPU
		{3C8B2558-E287-4031-8597-14480A15ED0E}.Ad-Hoc|iPhone.ActiveCfg = Debug|Any CPU
		{3C8B2558-E287-4031-8597-14480A15ED0E}.Ad-Hoc|iPhone.Build.0 = Debug|Any CPU
		{3C8B2558-E287-4031-8597-14480A15ED0E}.Ad-Hoc|iPhoneSimulator.ActiveCfg = Release|Any CPU
		{3C8B2558-E287-4031-8597-14480A15ED0E}.Ad-Hoc|Mixed Platforms.ActiveCfg = Release|Any CPU
		{3C8B2558-E287-4031-8597-14480A15ED0E}.Ad-Hoc|x86.ActiveCfg = Release|Any CPU
		{3C8B2558-E287-4031-8597-14480A15ED0E}.AppStore|Any CPU.ActiveCfg = Release|Any CPU
		{3C8B2558-E287-4031-8597-14480A15ED0E}.AppStore|iPhone.ActiveCfg = Debug|Any CPU
		{3C8B2558-E287-4031-8597-14480A15ED0E}.AppStore|iPhone.Build.0 = Debug|Any CPU
		{3C8B2558-E287-4031-8597-14480A15ED0E}.AppStore|iPhoneSimulator.ActiveCfg = Release|Any CPU
		{3C8B2558-E287-4031-8597-14480A15ED0E}.AppStore|Mixed Platforms.ActiveCfg = Release|Any CPU
		{3C8B2558-E287-4031-8597-14480A15ED0E}.AppStore|x86.ActiveCfg = Release|Any CPU
		{3C8B2558-E287-4031-8597-14480A15ED0E}.Debug|Any CPU.ActiveCfg = Debug|Any CPU
		{3C8B2558-E287-4031-8597-14480A15ED0E}.Debug|Any CPU.Build.0 = Debug|Any CPU
		{3C8B2558-E287-4031-8597-14480A15ED0E}.Debug|iPhone.ActiveCfg = Debug|Any CPU
		{3C8B2558-E287-4031-8597-14480A15ED0E}.Debug|iPhone.Build.0 = Debug|Any CPU
		{3C8B2558-E287-4031-8597-14480A15ED0E}.Debug|iPhoneSimulator.ActiveCfg = Debug|Any CPU
		{3C8B2558-E287-4031-8597-14480A15ED0E}.Debug|iPhoneSimulator.Build.0 = Debug|Any CPU
		{3C8B2558-E287-4031-8597-14480A15ED0E}.Debug|Mixed Platforms.ActiveCfg = Debug|Any CPU
		{3C8B2558-E287-4031-8597-14480A15ED0E}.Debug|Mixed Platforms.Build.0 = Debug|Any CPU
		{3C8B2558-E287-4031-8597-14480A15ED0E}.Debug|x86.ActiveCfg = Debug|Any CPU
		{3C8B2558-E287-4031-8597-14480A15ED0E}.Debug|x86.Build.0 = Debug|Any CPU
		{3C8B2558-E287-4031-8597-14480A15ED0E}.Release|Any CPU.ActiveCfg = Release|Any CPU
		{3C8B2558-E287-4031-8597-14480A15ED0E}.Release|Any CPU.Build.0 = Release|Any CPU
		{3C8B2558-E287-4031-8597-14480A15ED0E}.Release|iPhone.ActiveCfg = Release|Any CPU
		{3C8B2558-E287-4031-8597-14480A15ED0E}.Release|iPhone.Build.0 = Release|Any CPU
		{3C8B2558-E287-4031-8597-14480A15ED0E}.Release|iPhoneSimulator.ActiveCfg = Release|Any CPU
		{3C8B2558-E287-4031-8597-14480A15ED0E}.Release|iPhoneSimulator.Build.0 = Release|Any CPU
		{3C8B2558-E287-4031-8597-14480A15ED0E}.Release|Mixed Platforms.ActiveCfg = Release|Any CPU
		{3C8B2558-E287-4031-8597-14480A15ED0E}.Release|Mixed Platforms.Build.0 = Release|Any CPU
		{3C8B2558-E287-4031-8597-14480A15ED0E}.Release|x86.ActiveCfg = Release|Any CPU
		{3C8B2558-E287-4031-8597-14480A15ED0E}.Release|x86.Build.0 = Release|Any CPU
		{467AB566-4D9E-4D9E-BB28-8167E6F2A239}.Ad-Hoc|Any CPU.ActiveCfg = Release|Any CPU
		{467AB566-4D9E-4D9E-BB28-8167E6F2A239}.Ad-Hoc|iPhone.ActiveCfg = Debug|Any CPU
		{467AB566-4D9E-4D9E-BB28-8167E6F2A239}.Ad-Hoc|iPhone.Build.0 = Debug|Any CPU
		{467AB566-4D9E-4D9E-BB28-8167E6F2A239}.Ad-Hoc|iPhoneSimulator.ActiveCfg = Release|Any CPU
		{467AB566-4D9E-4D9E-BB28-8167E6F2A239}.Ad-Hoc|Mixed Platforms.ActiveCfg = Release|x86
		{467AB566-4D9E-4D9E-BB28-8167E6F2A239}.Ad-Hoc|x86.ActiveCfg = Release|x86
		{467AB566-4D9E-4D9E-BB28-8167E6F2A239}.AppStore|Any CPU.ActiveCfg = Release|Any CPU
		{467AB566-4D9E-4D9E-BB28-8167E6F2A239}.AppStore|iPhone.ActiveCfg = Debug|Any CPU
		{467AB566-4D9E-4D9E-BB28-8167E6F2A239}.AppStore|iPhone.Build.0 = Debug|Any CPU
		{467AB566-4D9E-4D9E-BB28-8167E6F2A239}.AppStore|iPhoneSimulator.ActiveCfg = Release|Any CPU
		{467AB566-4D9E-4D9E-BB28-8167E6F2A239}.AppStore|Mixed Platforms.ActiveCfg = Release|x86
		{467AB566-4D9E-4D9E-BB28-8167E6F2A239}.AppStore|x86.ActiveCfg = Release|x86
		{467AB566-4D9E-4D9E-BB28-8167E6F2A239}.Debug|Any CPU.ActiveCfg = Debug|Any CPU
		{467AB566-4D9E-4D9E-BB28-8167E6F2A239}.Debug|Any CPU.Build.0 = Debug|Any CPU
		{467AB566-4D9E-4D9E-BB28-8167E6F2A239}.Debug|iPhone.ActiveCfg = Debug|Any CPU
		{467AB566-4D9E-4D9E-BB28-8167E6F2A239}.Debug|iPhone.Build.0 = Debug|Any CPU
		{467AB566-4D9E-4D9E-BB28-8167E6F2A239}.Debug|iPhoneSimulator.ActiveCfg = Debug|Any CPU
		{467AB566-4D9E-4D9E-BB28-8167E6F2A239}.Debug|iPhoneSimulator.Build.0 = Debug|Any CPU
		{467AB566-4D9E-4D9E-BB28-8167E6F2A239}.Debug|Mixed Platforms.ActiveCfg = Debug|x86
		{467AB566-4D9E-4D9E-BB28-8167E6F2A239}.Debug|Mixed Platforms.Build.0 = Debug|x86
		{467AB566-4D9E-4D9E-BB28-8167E6F2A239}.Debug|x86.ActiveCfg = Debug|x86
		{467AB566-4D9E-4D9E-BB28-8167E6F2A239}.Debug|x86.Build.0 = Debug|x86
		{467AB566-4D9E-4D9E-BB28-8167E6F2A239}.Release|Any CPU.ActiveCfg = Release|Any CPU
		{467AB566-4D9E-4D9E-BB28-8167E6F2A239}.Release|Any CPU.Build.0 = Release|Any CPU
		{467AB566-4D9E-4D9E-BB28-8167E6F2A239}.Release|iPhone.ActiveCfg = Release|Any CPU
		{467AB566-4D9E-4D9E-BB28-8167E6F2A239}.Release|iPhone.Build.0 = Release|Any CPU
		{467AB566-4D9E-4D9E-BB28-8167E6F2A239}.Release|iPhoneSimulator.ActiveCfg = Release|Any CPU
		{467AB566-4D9E-4D9E-BB28-8167E6F2A239}.Release|iPhoneSimulator.Build.0 = Release|Any CPU
		{467AB566-4D9E-4D9E-BB28-8167E6F2A239}.Release|Mixed Platforms.ActiveCfg = Release|x86
		{467AB566-4D9E-4D9E-BB28-8167E6F2A239}.Release|Mixed Platforms.Build.0 = Release|x86
		{467AB566-4D9E-4D9E-BB28-8167E6F2A239}.Release|x86.ActiveCfg = Release|x86
		{467AB566-4D9E-4D9E-BB28-8167E6F2A239}.Release|x86.Build.0 = Release|x86
		{641DDEDB-D0E6-47B9-A96E-5567B8D79244}.Ad-Hoc|Any CPU.ActiveCfg = Ad-Hoc|iPhone
		{641DDEDB-D0E6-47B9-A96E-5567B8D79244}.Ad-Hoc|iPhone.ActiveCfg = Ad-Hoc|iPhone
		{641DDEDB-D0E6-47B9-A96E-5567B8D79244}.Ad-Hoc|iPhone.Build.0 = Ad-Hoc|iPhone
		{641DDEDB-D0E6-47B9-A96E-5567B8D79244}.Ad-Hoc|iPhoneSimulator.ActiveCfg = Ad-Hoc|iPhone
		{641DDEDB-D0E6-47B9-A96E-5567B8D79244}.Ad-Hoc|Mixed Platforms.ActiveCfg = Ad-Hoc|iPhone
		{641DDEDB-D0E6-47B9-A96E-5567B8D79244}.Ad-Hoc|x86.ActiveCfg = Ad-Hoc|iPhone
		{641DDEDB-D0E6-47B9-A96E-5567B8D79244}.AppStore|Any CPU.ActiveCfg = AppStore|iPhone
		{641DDEDB-D0E6-47B9-A96E-5567B8D79244}.AppStore|iPhone.ActiveCfg = AppStore|iPhone
		{641DDEDB-D0E6-47B9-A96E-5567B8D79244}.AppStore|iPhone.Build.0 = AppStore|iPhone
		{641DDEDB-D0E6-47B9-A96E-5567B8D79244}.AppStore|iPhoneSimulator.ActiveCfg = AppStore|iPhone
		{641DDEDB-D0E6-47B9-A96E-5567B8D79244}.AppStore|Mixed Platforms.ActiveCfg = AppStore|iPhone
		{641DDEDB-D0E6-47B9-A96E-5567B8D79244}.AppStore|x86.ActiveCfg = AppStore|iPhone
		{641DDEDB-D0E6-47B9-A96E-5567B8D79244}.Debug|Any CPU.ActiveCfg = Debug|iPhoneSimulator
		{641DDEDB-D0E6-47B9-A96E-5567B8D79244}.Debug|Any CPU.Build.0 = Debug|iPhoneSimulator
		{641DDEDB-D0E6-47B9-A96E-5567B8D79244}.Debug|iPhone.ActiveCfg = Debug|iPhone
		{641DDEDB-D0E6-47B9-A96E-5567B8D79244}.Debug|iPhone.Build.0 = Debug|iPhone
		{641DDEDB-D0E6-47B9-A96E-5567B8D79244}.Debug|iPhoneSimulator.ActiveCfg = Debug|iPhoneSimulator
		{641DDEDB-D0E6-47B9-A96E-5567B8D79244}.Debug|iPhoneSimulator.Build.0 = Debug|iPhoneSimulator
		{641DDEDB-D0E6-47B9-A96E-5567B8D79244}.Debug|Mixed Platforms.ActiveCfg = Debug|iPhoneSimulator
		{641DDEDB-D0E6-47B9-A96E-5567B8D79244}.Debug|Mixed Platforms.Build.0 = Debug|iPhoneSimulator
		{641DDEDB-D0E6-47B9-A96E-5567B8D79244}.Debug|x86.ActiveCfg = Debug|iPhoneSimulator
		{641DDEDB-D0E6-47B9-A96E-5567B8D79244}.Debug|x86.Build.0 = Debug|iPhoneSimulator
		{641DDEDB-D0E6-47B9-A96E-5567B8D79244}.Release|Any CPU.ActiveCfg = Release|iPhoneSimulator
		{641DDEDB-D0E6-47B9-A96E-5567B8D79244}.Release|Any CPU.Build.0 = Release|iPhoneSimulator
		{641DDEDB-D0E6-47B9-A96E-5567B8D79244}.Release|iPhone.ActiveCfg = Release|iPhone
		{641DDEDB-D0E6-47B9-A96E-5567B8D79244}.Release|iPhone.Build.0 = Release|iPhone
		{641DDEDB-D0E6-47B9-A96E-5567B8D79244}.Release|iPhoneSimulator.ActiveCfg = Release|iPhoneSimulator
		{641DDEDB-D0E6-47B9-A96E-5567B8D79244}.Release|iPhoneSimulator.Build.0 = Release|iPhoneSimulator
		{641DDEDB-D0E6-47B9-A96E-5567B8D79244}.Release|Mixed Platforms.ActiveCfg = Release|iPhoneSimulator
		{641DDEDB-D0E6-47B9-A96E-5567B8D79244}.Release|Mixed Platforms.Build.0 = Release|iPhoneSimulator
		{641DDEDB-D0E6-47B9-A96E-5567B8D79244}.Release|x86.ActiveCfg = Release|iPhoneSimulator
		{641DDEDB-D0E6-47B9-A96E-5567B8D79244}.Release|x86.Build.0 = Release|iPhoneSimulator
		{82EF24A8-7B24-42AA-BDB9-7A9F7527DF48}.Ad-Hoc|Any CPU.ActiveCfg = Release|Any CPU
		{82EF24A8-7B24-42AA-BDB9-7A9F7527DF48}.Ad-Hoc|iPhone.ActiveCfg = Debug|Any CPU
		{82EF24A8-7B24-42AA-BDB9-7A9F7527DF48}.Ad-Hoc|iPhone.Build.0 = Debug|Any CPU
		{82EF24A8-7B24-42AA-BDB9-7A9F7527DF48}.Ad-Hoc|iPhoneSimulator.ActiveCfg = Release|Any CPU
		{82EF24A8-7B24-42AA-BDB9-7A9F7527DF48}.Ad-Hoc|Mixed Platforms.ActiveCfg = Release|Any CPU
		{82EF24A8-7B24-42AA-BDB9-7A9F7527DF48}.Ad-Hoc|x86.ActiveCfg = Release|Any CPU
		{82EF24A8-7B24-42AA-BDB9-7A9F7527DF48}.AppStore|Any CPU.ActiveCfg = Release|Any CPU
		{82EF24A8-7B24-42AA-BDB9-7A9F7527DF48}.AppStore|iPhone.ActiveCfg = Debug|Any CPU
		{82EF24A8-7B24-42AA-BDB9-7A9F7527DF48}.AppStore|iPhone.Build.0 = Debug|Any CPU
		{82EF24A8-7B24-42AA-BDB9-7A9F7527DF48}.AppStore|iPhoneSimulator.ActiveCfg = Release|Any CPU
		{82EF24A8-7B24-42AA-BDB9-7A9F7527DF48}.AppStore|Mixed Platforms.ActiveCfg = Release|Any CPU
		{82EF24A8-7B24-42AA-BDB9-7A9F7527DF48}.AppStore|x86.ActiveCfg = Release|Any CPU
		{82EF24A8-7B24-42AA-BDB9-7A9F7527DF48}.Debug|Any CPU.ActiveCfg = Debug|Any CPU
		{82EF24A8-7B24-42AA-BDB9-7A9F7527DF48}.Debug|Any CPU.Build.0 = Debug|Any CPU
		{82EF24A8-7B24-42AA-BDB9-7A9F7527DF48}.Debug|iPhone.ActiveCfg = Debug|Any CPU
		{82EF24A8-7B24-42AA-BDB9-7A9F7527DF48}.Debug|iPhone.Build.0 = Debug|Any CPU
		{82EF24A8-7B24-42AA-BDB9-7A9F7527DF48}.Debug|iPhoneSimulator.ActiveCfg = Debug|Any CPU
		{82EF24A8-7B24-42AA-BDB9-7A9F7527DF48}.Debug|iPhoneSimulator.Build.0 = Debug|Any CPU
		{82EF24A8-7B24-42AA-BDB9-7A9F7527DF48}.Debug|Mixed Platforms.ActiveCfg = Debug|Any CPU
		{82EF24A8-7B24-42AA-BDB9-7A9F7527DF48}.Debug|Mixed Platforms.Build.0 = Debug|Any CPU
		{82EF24A8-7B24-42AA-BDB9-7A9F7527DF48}.Debug|x86.ActiveCfg = Debug|Any CPU
		{82EF24A8-7B24-42AA-BDB9-7A9F7527DF48}.Debug|x86.Build.0 = Debug|Any CPU
		{82EF24A8-7B24-42AA-BDB9-7A9F7527DF48}.Release|Any CPU.ActiveCfg = Release|Any CPU
		{82EF24A8-7B24-42AA-BDB9-7A9F7527DF48}.Release|Any CPU.Build.0 = Release|Any CPU
		{82EF24A8-7B24-42AA-BDB9-7A9F7527DF48}.Release|iPhone.ActiveCfg = Release|Any CPU
		{82EF24A8-7B24-42AA-BDB9-7A9F7527DF48}.Release|iPhone.Build.0 = Release|Any CPU
		{82EF24A8-7B24-42AA-BDB9-7A9F7527DF48}.Release|iPhoneSimulator.ActiveCfg = Release|Any CPU
		{82EF24A8-7B24-42AA-BDB9-7A9F7527DF48}.Release|iPhoneSimulator.Build.0 = Release|Any CPU
		{82EF24A8-7B24-42AA-BDB9-7A9F7527DF48}.Release|Mixed Platforms.ActiveCfg = Release|Any CPU
		{82EF24A8-7B24-42AA-BDB9-7A9F7527DF48}.Release|Mixed Platforms.Build.0 = Release|Any CPU
		{82EF24A8-7B24-42AA-BDB9-7A9F7527DF48}.Release|x86.ActiveCfg = Release|Any CPU
		{82EF24A8-7B24-42AA-BDB9-7A9F7527DF48}.Release|x86.Build.0 = Release|Any CPU
		{A3278FF6-0B65-482E-AE3E-7AEF33C4F25C}.Ad-Hoc|Any CPU.ActiveCfg = Release|Any CPU
		{A3278FF6-0B65-482E-AE3E-7AEF33C4F25C}.Ad-Hoc|iPhone.ActiveCfg = Debug|Any CPU
		{A3278FF6-0B65-482E-AE3E-7AEF33C4F25C}.Ad-Hoc|iPhone.Build.0 = Debug|Any CPU
		{A3278FF6-0B65-482E-AE3E-7AEF33C4F25C}.Ad-Hoc|iPhoneSimulator.ActiveCfg = Release|Any CPU
		{A3278FF6-0B65-482E-AE3E-7AEF33C4F25C}.Ad-Hoc|Mixed Platforms.ActiveCfg = Release|Any CPU
		{A3278FF6-0B65-482E-AE3E-7AEF33C4F25C}.Ad-Hoc|x86.ActiveCfg = Release|Any CPU
		{A3278FF6-0B65-482E-AE3E-7AEF33C4F25C}.AppStore|Any CPU.ActiveCfg = Release|Any CPU
		{A3278FF6-0B65-482E-AE3E-7AEF33C4F25C}.AppStore|iPhone.ActiveCfg = Debug|Any CPU
		{A3278FF6-0B65-482E-AE3E-7AEF33C4F25C}.AppStore|iPhone.Build.0 = Debug|Any CPU
		{A3278FF6-0B65-482E-AE3E-7AEF33C4F25C}.AppStore|iPhoneSimulator.ActiveCfg = Release|Any CPU
		{A3278FF6-0B65-482E-AE3E-7AEF33C4F25C}.AppStore|Mixed Platforms.ActiveCfg = Release|Any CPU
		{A3278FF6-0B65-482E-AE3E-7AEF33C4F25C}.AppStore|x86.ActiveCfg = Release|Any CPU
		{A3278FF6-0B65-482E-AE3E-7AEF33C4F25C}.Debug|Any CPU.ActiveCfg = Debug|Any CPU
		{A3278FF6-0B65-482E-AE3E-7AEF33C4F25C}.Debug|Any CPU.Build.0 = Debug|Any CPU
		{A3278FF6-0B65-482E-AE3E-7AEF33C4F25C}.Debug|iPhone.ActiveCfg = Debug|Any CPU
		{A3278FF6-0B65-482E-AE3E-7AEF33C4F25C}.Debug|iPhone.Build.0 = Debug|Any CPU
		{A3278FF6-0B65-482E-AE3E-7AEF33C4F25C}.Debug|iPhoneSimulator.ActiveCfg = Debug|Any CPU
		{A3278FF6-0B65-482E-AE3E-7AEF33C4F25C}.Debug|iPhoneSimulator.Build.0 = Debug|Any CPU
		{A3278FF6-0B65-482E-AE3E-7AEF33C4F25C}.Debug|Mixed Platforms.ActiveCfg = Debug|Any CPU
		{A3278FF6-0B65-482E-AE3E-7AEF33C4F25C}.Debug|Mixed Platforms.Build.0 = Debug|Any CPU
		{A3278FF6-0B65-482E-AE3E-7AEF33C4F25C}.Debug|x86.ActiveCfg = Debug|Any CPU
		{A3278FF6-0B65-482E-AE3E-7AEF33C4F25C}.Debug|x86.Build.0 = Debug|Any CPU
		{A3278FF6-0B65-482E-AE3E-7AEF33C4F25C}.Release|Any CPU.ActiveCfg = Release|Any CPU
		{A3278FF6-0B65-482E-AE3E-7AEF33C4F25C}.Release|Any CPU.Build.0 = Release|Any CPU
		{A3278FF6-0B65-482E-AE3E-7AEF33C4F25C}.Release|iPhone.ActiveCfg = Release|Any CPU
		{A3278FF6-0B65-482E-AE3E-7AEF33C4F25C}.Release|iPhone.Build.0 = Release|Any CPU
		{A3278FF6-0B65-482E-AE3E-7AEF33C4F25C}.Release|iPhoneSimulator.ActiveCfg = Release|Any CPU
		{A3278FF6-0B65-482E-AE3E-7AEF33C4F25C}.Release|iPhoneSimulator.Build.0 = Release|Any CPU
		{A3278FF6-0B65-482E-AE3E-7AEF33C4F25C}.Release|Mixed Platforms.ActiveCfg = Release|Any CPU
		{A3278FF6-0B65-482E-AE3E-7AEF33C4F25C}.Release|Mixed Platforms.Build.0 = Release|Any CPU
		{A3278FF6-0B65-482E-AE3E-7AEF33C4F25C}.Release|x86.ActiveCfg = Release|Any CPU
		{A3278FF6-0B65-482E-AE3E-7AEF33C4F25C}.Release|x86.Build.0 = Release|Any CPU
		{C6743D26-E16E-41CA-A757-72BE2D7EAF28}.Ad-Hoc|Any CPU.ActiveCfg = Release|Any CPU
		{C6743D26-E16E-41CA-A757-72BE2D7EAF28}.Ad-Hoc|iPhone.ActiveCfg = Debug|Any CPU
		{C6743D26-E16E-41CA-A757-72BE2D7EAF28}.Ad-Hoc|iPhone.Build.0 = Debug|Any CPU
		{C6743D26-E16E-41CA-A757-72BE2D7EAF28}.Ad-Hoc|iPhoneSimulator.ActiveCfg = Release|Any CPU
		{C6743D26-E16E-41CA-A757-72BE2D7EAF28}.Ad-Hoc|Mixed Platforms.ActiveCfg = Release|Any CPU
		{C6743D26-E16E-41CA-A757-72BE2D7EAF28}.Ad-Hoc|x86.ActiveCfg = Release|Any CPU
		{C6743D26-E16E-41CA-A757-72BE2D7EAF28}.AppStore|Any CPU.ActiveCfg = Release|Any CPU
		{C6743D26-E16E-41CA-A757-72BE2D7EAF28}.AppStore|iPhone.ActiveCfg = Debug|Any CPU
		{C6743D26-E16E-41CA-A757-72BE2D7EAF28}.AppStore|iPhone.Build.0 = Debug|Any CPU
		{C6743D26-E16E-41CA-A757-72BE2D7EAF28}.AppStore|iPhoneSimulator.ActiveCfg = Release|Any CPU
		{C6743D26-E16E-41CA-A757-72BE2D7EAF28}.AppStore|Mixed Platforms.ActiveCfg = Release|Any CPU
		{C6743D26-E16E-41CA-A757-72BE2D7EAF28}.AppStore|x86.ActiveCfg = Release|Any CPU
		{C6743D26-E16E-41CA-A757-72BE2D7EAF28}.Debug|Any CPU.ActiveCfg = Debug|Any CPU
		{C6743D26-E16E-41CA-A757-72BE2D7EAF28}.Debug|Any CPU.Build.0 = Debug|Any CPU
		{C6743D26-E16E-41CA-A757-72BE2D7EAF28}.Debug|iPhone.ActiveCfg = Debug|Any CPU
		{C6743D26-E16E-41CA-A757-72BE2D7EAF28}.Debug|iPhone.Build.0 = Debug|Any CPU
		{C6743D26-E16E-41CA-A757-72BE2D7EAF28}.Debug|iPhoneSimulator.ActiveCfg = Debug|Any CPU
		{C6743D26-E16E-41CA-A757-72BE2D7EAF28}.Debug|iPhoneSimulator.Build.0 = Debug|Any CPU
		{C6743D26-E16E-41CA-A757-72BE2D7EAF28}.Debug|Mixed Platforms.ActiveCfg = Debug|Any CPU
		{C6743D26-E16E-41CA-A757-72BE2D7EAF28}.Debug|Mixed Platforms.Build.0 = Debug|Any CPU
		{C6743D26-E16E-41CA-A757-72BE2D7EAF28}.Debug|x86.ActiveCfg = Debug|Any CPU
		{C6743D26-E16E-41CA-A757-72BE2D7EAF28}.Debug|x86.Build.0 = Debug|Any CPU
		{C6743D26-E16E-41CA-A757-72BE2D7EAF28}.Release|Any CPU.ActiveCfg = Release|Any CPU
		{C6743D26-E16E-41CA-A757-72BE2D7EAF28}.Release|Any CPU.Build.0 = Release|Any CPU
		{C6743D26-E16E-41CA-A757-72BE2D7EAF28}.Release|iPhone.ActiveCfg = Release|Any CPU
		{C6743D26-E16E-41CA-A757-72BE2D7EAF28}.Release|iPhone.Build.0 = Release|Any CPU
		{C6743D26-E16E-41CA-A757-72BE2D7EAF28}.Release|iPhoneSimulator.ActiveCfg = Release|Any CPU
		{C6743D26-E16E-41CA-A757-72BE2D7EAF28}.Release|iPhoneSimulator.Build.0 = Release|Any CPU
		{C6743D26-E16E-41CA-A757-72BE2D7EAF28}.Release|Mixed Platforms.ActiveCfg = Release|Any CPU
		{C6743D26-E16E-41CA-A757-72BE2D7EAF28}.Release|Mixed Platforms.Build.0 = Release|Any CPU
		{C6743D26-E16E-41CA-A757-72BE2D7EAF28}.Release|x86.ActiveCfg = Release|Any CPU
		{ED71D4D4-498E-432E-B941-F704CECCF254}.Ad-Hoc|Any CPU.ActiveCfg = Release|Any CPU
		{ED71D4D4-498E-432E-B941-F704CECCF254}.Ad-Hoc|iPhone.ActiveCfg = Debug|Any CPU
		{ED71D4D4-498E-432E-B941-F704CECCF254}.Ad-Hoc|iPhone.Build.0 = Debug|Any CPU
		{ED71D4D4-498E-432E-B941-F704CECCF254}.Ad-Hoc|iPhoneSimulator.ActiveCfg = Release|Any CPU
		{ED71D4D4-498E-432E-B941-F704CECCF254}.Ad-Hoc|Mixed Platforms.ActiveCfg = Release|Any CPU
		{ED71D4D4-498E-432E-B941-F704CECCF254}.Ad-Hoc|x86.ActiveCfg = Release|Any CPU
		{ED71D4D4-498E-432E-B941-F704CECCF254}.AppStore|Any CPU.ActiveCfg = Release|Any CPU
		{ED71D4D4-498E-432E-B941-F704CECCF254}.AppStore|iPhone.ActiveCfg = Debug|Any CPU
		{ED71D4D4-498E-432E-B941-F704CECCF254}.AppStore|iPhone.Build.0 = Debug|Any CPU
		{ED71D4D4-498E-432E-B941-F704CECCF254}.AppStore|iPhoneSimulator.ActiveCfg = Release|Any CPU
		{ED71D4D4-498E-432E-B941-F704CECCF254}.AppStore|Mixed Platforms.ActiveCfg = Release|Any CPU
		{ED71D4D4-498E-432E-B941-F704CECCF254}.AppStore|x86.ActiveCfg = Release|Any CPU
		{ED71D4D4-498E-432E-B941-F704CECCF254}.Debug|Any CPU.ActiveCfg = Debug|Any CPU
		{ED71D4D4-498E-432E-B941-F704CECCF254}.Debug|Any CPU.Build.0 = Debug|Any CPU
		{ED71D4D4-498E-432E-B941-F704CECCF254}.Debug|iPhone.ActiveCfg = Debug|Any CPU
		{ED71D4D4-498E-432E-B941-F704CECCF254}.Debug|iPhone.Build.0 = Debug|Any CPU
		{ED71D4D4-498E-432E-B941-F704CECCF254}.Debug|iPhoneSimulator.ActiveCfg = Debug|Any CPU
		{ED71D4D4-498E-432E-B941-F704CECCF254}.Debug|iPhoneSimulator.Build.0 = Debug|Any CPU
		{ED71D4D4-498E-432E-B941-F704CECCF254}.Debug|Mixed Platforms.ActiveCfg = Debug|Any CPU
		{ED71D4D4-498E-432E-B941-F704CECCF254}.Debug|Mixed Platforms.Build.0 = Debug|Any CPU
		{ED71D4D4-498E-432E-B941-F704CECCF254}.Debug|x86.ActiveCfg = Debug|Any CPU
		{ED71D4D4-498E-432E-B941-F704CECCF254}.Release|Any CPU.ActiveCfg = Release|Any CPU
		{ED71D4D4-498E-432E-B941-F704CECCF254}.Release|Any CPU.Build.0 = Release|Any CPU
		{ED71D4D4-498E-432E-B941-F704CECCF254}.Release|iPhone.ActiveCfg = Release|Any CPU
		{ED71D4D4-498E-432E-B941-F704CECCF254}.Release|iPhone.Build.0 = Release|Any CPU
		{ED71D4D4-498E-432E-B941-F704CECCF254}.Release|iPhoneSimulator.ActiveCfg = Release|Any CPU
		{ED71D4D4-498E-432E-B941-F704CECCF254}.Release|iPhoneSimulator.Build.0 = Release|Any CPU
		{ED71D4D4-498E-432E-B941-F704CECCF254}.Release|Mixed Platforms.ActiveCfg = Release|Any CPU
		{ED71D4D4-498E-432E-B941-F704CECCF254}.Release|Mixed Platforms.Build.0 = Release|Any CPU
		{ED71D4D4-498E-432E-B941-F704CECCF254}.Release|x86.ActiveCfg = Release|Any CPU
	EndGlobalSection
	GlobalSection(SolutionProperties) = preSolution
		HideSolutionNode = FALSE
	EndGlobalSection
EndGlobal
